
Microsoft Visual Studio Solution File, Format Version 12.00
# Visual Studio 15
VisualStudioVersion = 15.0.26124.0
MinimumVisualStudioVersion = 15.0.26124.0
Project("{FAE04EC0-301F-11D3-BF4B-00C04F79EFBC}") = "HelloMessaging.Consumer", "HelloMessaging.Consumer\HelloMessaging.Consumer.csproj", "{CEA5412A-6283-406E-B5FA-29BBAB4CECBC}"
EndProject
Project("{FAE04EC0-301F-11D3-BF4B-00C04F79EFBC}") = "HelloMessaging.Producer", "HelloMessaging.Producer\HelloMessaging.Producer.csproj", "{9A281CD2-8BD8-4709-AFF0-36064213DEFA}"
EndProject
Project("{FAE04EC0-301F-11D3-BF4B-00C04F79EFBC}") = "HelloMessaging.Domain", "HelloMessaging.Domain\HelloMessaging.Domain.csproj", "{4179916F-5098-424F-9568-18AFCCE79541}"
EndProject
Project("{FAE04EC0-301F-11D3-BF4B-00C04F79EFBC}") = "HelloMessaging.AnotherConsumer", "HelloMessaging.AnotherConsumer\HelloMessaging.AnotherConsumer.csproj", "{440F9E65-9D3E-4D59-A34B-48F623EDB4E5}"
EndProject
Global
	GlobalSection(SolutionConfigurationPlatforms) = preSolution
		Debug|Any CPU = Debug|Any CPU
		Debug|x64 = Debug|x64
		Debug|x86 = Debug|x86
		Release|Any CPU = Release|Any CPU
		Release|x64 = Release|x64
		Release|x86 = Release|x86
	EndGlobalSection
	GlobalSection(SolutionProperties) = preSolution
		HideSolutionNode = FALSE
	EndGlobalSection
	GlobalSection(ProjectConfigurationPlatforms) = postSolution
		{CEA5412A-6283-406E-B5FA-29BBAB4CECBC}.Debug|Any CPU.ActiveCfg = Debug|Any CPU
		{CEA5412A-6283-406E-B5FA-29BBAB4CECBC}.Debug|Any CPU.Build.0 = Debug|Any CPU
		{CEA5412A-6283-406E-B5FA-29BBAB4CECBC}.Debug|x64.ActiveCfg = Debug|Any CPU
		{CEA5412A-6283-406E-B5FA-29BBAB4CECBC}.Debug|x64.Build.0 = Debug|Any CPU
		{CEA5412A-6283-406E-B5FA-29BBAB4CECBC}.Debug|x86.ActiveCfg = Debug|Any CPU
		{CEA5412A-6283-406E-B5FA-29BBAB4CECBC}.Debug|x86.Build.0 = Debug|Any CPU
		{CEA5412A-6283-406E-B5FA-29BBAB4CECBC}.Release|Any CPU.ActiveCfg = Release|Any CPU
		{CEA5412A-6283-406E-B5FA-29BBAB4CECBC}.Release|Any CPU.Build.0 = Release|Any CPU
		{CEA5412A-6283-406E-B5FA-29BBAB4CECBC}.Release|x64.ActiveCfg = Release|Any CPU
		{CEA5412A-6283-406E-B5FA-29BBAB4CECBC}.Release|x64.Build.0 = Release|Any CPU
		{CEA5412A-6283-406E-B5FA-29BBAB4CECBC}.Release|x86.ActiveCfg = Release|Any CPU
		{CEA5412A-6283-406E-B5FA-29BBAB4CECBC}.Release|x86.Build.0 = Release|Any CPU
		{9A281CD2-8BD8-4709-AFF0-36064213DEFA}.Debug|Any CPU.ActiveCfg = Debug|Any CPU
		{9A281CD2-8BD8-4709-AFF0-36064213DEFA}.Debug|Any CPU.Build.0 = Debug|Any CPU
		{9A281CD2-8BD8-4709-AFF0-36064213DEFA}.Debug|x64.ActiveCfg = Debug|Any CPU
		{9A281CD2-8BD8-4709-AFF0-36064213DEFA}.Debug|x64.Build.0 = Debug|Any CPU
		{9A281CD2-8BD8-4709-AFF0-36064213DEFA}.Debug|x86.ActiveCfg = Debug|Any CPU
		{9A281CD2-8BD8-4709-AFF0-36064213DEFA}.Debug|x86.Build.0 = Debug|Any CPU
		{9A281CD2-8BD8-4709-AFF0-36064213DEFA}.Release|Any CPU.ActiveCfg = Release|Any CPU
		{9A281CD2-8BD8-4709-AFF0-36064213DEFA}.Release|Any CPU.Build.0 = Release|Any CPU
		{9A281CD2-8BD8-4709-AFF0-36064213DEFA}.Release|x64.ActiveCfg = Release|Any CPU
		{9A281CD2-8BD8-4709-AFF0-36064213DEFA}.Release|x64.Build.0 = Release|Any CPU
		{9A281CD2-8BD8-4709-AFF0-36064213DEFA}.Release|x86.ActiveCfg = Release|Any CPU
		{9A281CD2-8BD8-4709-AFF0-36064213DEFA}.Release|x86.Build.0 = Release|Any CPU
		{4179916F-5098-424F-9568-18AFCCE79541}.Debug|Any CPU.ActiveCfg = Debug|Any CPU
		{4179916F-5098-424F-9568-18AFCCE79541}.Debug|Any CPU.Build.0 = Debug|Any CPU
		{4179916F-5098-424F-9568-18AFCCE79541}.Debug|x64.ActiveCfg = Debug|Any CPU
		{4179916F-5098-424F-9568-18AFCCE79541}.Debug|x64.Build.0 = Debug|Any CPU
		{4179916F-5098-424F-9568-18AFCCE79541}.Debug|x86.ActiveCfg = Debug|Any CPU
		{4179916F-5098-424F-9568-18AFCCE79541}.Debug|x86.Build.0 = Debug|Any CPU
		{4179916F-5098-424F-9568-18AFCCE79541}.Release|Any CPU.ActiveCfg = Release|Any CPU
		{4179916F-5098-424F-9568-18AFCCE79541}.Release|Any CPU.Build.0 = Release|Any CPU
		{4179916F-5098-424F-9568-18AFCCE79541}.Release|x64.ActiveCfg = Release|Any CPU
		{4179916F-5098-424F-9568-18AFCCE79541}.Release|x64.Build.0 = Release|Any CPU
		{4179916F-5098-424F-9568-18AFCCE79541}.Release|x86.ActiveCfg = Release|Any CPU
		{4179916F-5098-424F-9568-18AFCCE79541}.Release|x86.Build.0 = Release|Any CPU
		{440F9E65-9D3E-4D59-A34B-48F623EDB4E5}.Debug|Any CPU.ActiveCfg = Debug|Any CPU
		{440F9E65-9D3E-4D59-A34B-48F623EDB4E5}.Debug|Any CPU.Build.0 = Debug|Any CPU
		{440F9E65-9D3E-4D59-A34B-48F623EDB4E5}.Debug|x64.ActiveCfg = Debug|Any CPU
		{440F9E65-9D3E-4D59-A34B-48F623EDB4E5}.Debug|x64.Build.0 = Debug|Any CPU
		{440F9E65-9D3E-4D59-A34B-48F623EDB4E5}.Debug|x86.ActiveCfg = Debug|Any CPU
		{440F9E65-9D3E-4D59-A34B-48F623EDB4E5}.Debug|x86.Build.0 = Debug|Any CPU
		{440F9E65-9D3E-4D59-A34B-48F623EDB4E5}.Release|Any CPU.ActiveCfg = Release|Any CPU
		{440F9E65-9D3E-4D59-A34B-48F623EDB4E5}.Release|Any CPU.Build.0 = Release|Any CPU
		{440F9E65-9D3E-4D59-A34B-48F623EDB4E5}.Release|x64.ActiveCfg = Release|Any CPU
		{440F9E65-9D3E-4D59-A34B-48F623EDB4E5}.Release|x64.Build.0 = Release|Any CPU
		{440F9E65-9D3E-4D59-A34B-48F623EDB4E5}.Release|x86.ActiveCfg = Release|Any CPU
		{440F9E65-9D3E-4D59-A34B-48F623EDB4E5}.Release|x86.Build.0 = Release|Any CPU
	EndGlobalSection
EndGlobal
